// !$*UTF8*$!
{
	archiveVersion = 1;
	classes = {
	};
	objectVersion = 50;
	objects = {

/* Begin PBXBuildFile section */
		0CE68E1DB0568106F915852D /* Pods_GitFetcherUITests.framework in Frameworks */ = {isa = PBXBuildFile; fileRef = 39D6734932F830EAF50A5E71 /* Pods_GitFetcherUITests.framework */; };
		1EC1E1D6DA7688D6083AD491 /* Pods_GitFetcherTests.framework in Frameworks */ = {isa = PBXBuildFile; fileRef = 932FFBF2BE75FE51A6C7C69A /* Pods_GitFetcherTests.framework */; };
		A98C7FD83589A35924096CB6 /* Pods_GitFetcher.framework in Frameworks */ = {isa = PBXBuildFile; fileRef = 48DD39F8276DC9485FF65928 /* Pods_GitFetcher.framework */; };
		D4ED1B5D216D257F00ECCBFD /* ApiHelper.swift in Sources */ = {isa = PBXBuildFile; fileRef = D4ED1B5C216D257F00ECCBFD /* ApiHelper.swift */; };
		D4ED1B5F216D2A4600ECCBFD /* ApiHelperTests.swift in Sources */ = {isa = PBXBuildFile; fileRef = D4ED1B5E216D2A4600ECCBFD /* ApiHelperTests.swift */; };
		D4ED1B61216D326A00ECCBFD /* RepositoriesViewModel.swift in Sources */ = {isa = PBXBuildFile; fileRef = D4ED1B60216D326A00ECCBFD /* RepositoriesViewModel.swift */; };
		D4ED1B63216D340D00ECCBFD /* RepositoriesUpdateListener.swift in Sources */ = {isa = PBXBuildFile; fileRef = D4ED1B62216D340D00ECCBFD /* RepositoriesUpdateListener.swift */; };
		D4ED1B65216D3E3E00ECCBFD /* Owner.swift in Sources */ = {isa = PBXBuildFile; fileRef = D4ED1B64216D3E3E00ECCBFD /* Owner.swift */; };
		D4ED1B67216E986100ECCBFD /* StarredRepositoriesCache.swift in Sources */ = {isa = PBXBuildFile; fileRef = D4ED1B66216E986100ECCBFD /* StarredRepositoriesCache.swift */; };
		D81CCDFB2152506B003A4315 /* ApiService.swift in Sources */ = {isa = PBXBuildFile; fileRef = D81CCDFA2152506B003A4315 /* ApiService.swift */; };
		D81CCDFD2152605E003A4315 /* Repository.swift in Sources */ = {isa = PBXBuildFile; fileRef = D81CCDFC2152605E003A4315 /* Repository.swift */; };
		D831FFBF216B9A73000DB1CD /* DetailViewController.storyboard in Resources */ = {isa = PBXBuildFile; fileRef = D831FFBE216B9A73000DB1CD /* DetailViewController.storyboard */; };
		D831FFC1216B9A86000DB1CD /* DetailViewController.swift in Sources */ = {isa = PBXBuildFile; fileRef = D831FFC0216B9A86000DB1CD /* DetailViewController.swift */; };
		D8C3075E2152299F002FFE14 /* AppDelegate.swift in Sources */ = {isa = PBXBuildFile; fileRef = D8C3075D2152299F002FFE14 /* AppDelegate.swift */; };
		D8C307602152299F002FFE14 /* MainViewController.swift in Sources */ = {isa = PBXBuildFile; fileRef = D8C3075F2152299F002FFE14 /* MainViewController.swift */; };
		D8C307632152299F002FFE14 /* Main.storyboard in Resources */ = {isa = PBXBuildFile; fileRef = D8C307612152299F002FFE14 /* Main.storyboard */; };
		D8C30765215229A1002FFE14 /* Assets.xcassets in Resources */ = {isa = PBXBuildFile; fileRef = D8C30764215229A1002FFE14 /* Assets.xcassets */; };
		D8C30768215229A1002FFE14 /* LaunchScreen.storyboard in Resources */ = {isa = PBXBuildFile; fileRef = D8C30766215229A1002FFE14 /* LaunchScreen.storyboard */; };
		D8C30773215229A1002FFE14 /* ApiServiceTests.swift in Sources */ = {isa = PBXBuildFile; fileRef = D8C30772215229A1002FFE14 /* ApiServiceTests.swift */; };
		D8C3077E215229A1002FFE14 /* GitFetcherUITests.swift in Sources */ = {isa = PBXBuildFile; fileRef = D8C3077D215229A1002FFE14 /* GitFetcherUITests.swift */; };
		D8DA40B021528B3F00763D69 /* repos.json in Resources */ = {isa = PBXBuildFile; fileRef = D8DA40AF21528B3E00763D69 /* repos.json */; };
		D8DA40B2215294E300763D69 /* empty.json in Resources */ = {isa = PBXBuildFile; fileRef = D8DA40B1215294E300763D69 /* empty.json */; };
		D8DA40B42152A55500763D69 /* SearchResultTableViewCell.xib in Resources */ = {isa = PBXBuildFile; fileRef = D8DA40B32152A55500763D69 /* SearchResultTableViewCell.xib */; };
		D8DA40B62152A72900763D69 /* SearchResultTableViewCell.swift in Sources */ = {isa = PBXBuildFile; fileRef = D8DA40B52152A72900763D69 /* SearchResultTableViewCell.swift */; };
		D8DA40B82152C74500763D69 /* MainViewController+UISearchBarDelegate.swift in Sources */ = {isa = PBXBuildFile; fileRef = D8DA40B72152C74500763D69 /* MainViewController+UISearchBarDelegate.swift */; };
		D8DA40BA2152C78000763D69 /* MainViewController+UITableViewDataSource.swift in Sources */ = {isa = PBXBuildFile; fileRef = D8DA40B92152C78000763D69 /* MainViewController+UITableViewDataSource.swift */; };
/* End PBXBuildFile section */

/* Begin PBXContainerItemProxy section */
		D8C3076F215229A1002FFE14 /* PBXContainerItemProxy */ = {
			isa = PBXContainerItemProxy;
			containerPortal = D8C307522152299F002FFE14 /* Project object */;
			proxyType = 1;
			remoteGlobalIDString = D8C307592152299F002FFE14;
			remoteInfo = GitFetcher;
		};
		D8C3077A215229A1002FFE14 /* PBXContainerItemProxy */ = {
			isa = PBXContainerItemProxy;
			containerPortal = D8C307522152299F002FFE14 /* Project object */;
			proxyType = 1;
			remoteGlobalIDString = D8C307592152299F002FFE14;
			remoteInfo = GitFetcher;
		};
/* End PBXContainerItemProxy section */

/* Begin PBXFileReference section */
		39D6734932F830EAF50A5E71 /* Pods_GitFetcherUITests.framework */ = {isa = PBXFileReference; explicitFileType = wrapper.framework; includeInIndex = 0; path = Pods_GitFetcherUITests.framework; sourceTree = BUILT_PRODUCTS_DIR; };
		3E318FD3C2C63CF54E91A05D /* Pods-GitFetcherUITests.debug.xcconfig */ = {isa = PBXFileReference; includeInIndex = 1; lastKnownFileType = text.xcconfig; name = "Pods-GitFetcherUITests.debug.xcconfig"; path = "Pods/Target Support Files/Pods-GitFetcherUITests/Pods-GitFetcherUITests.debug.xcconfig"; sourceTree = "<group>"; };
		48DD39F8276DC9485FF65928 /* Pods_GitFetcher.framework */ = {isa = PBXFileReference; explicitFileType = wrapper.framework; includeInIndex = 0; path = Pods_GitFetcher.framework; sourceTree = BUILT_PRODUCTS_DIR; };
		8BFA2A9B1F752ACD3C454FE8 /* Pods-GitFetcher.debug.xcconfig */ = {isa = PBXFileReference; includeInIndex = 1; lastKnownFileType = text.xcconfig; name = "Pods-GitFetcher.debug.xcconfig"; path = "Pods/Target Support Files/Pods-GitFetcher/Pods-GitFetcher.debug.xcconfig"; sourceTree = "<group>"; };
		932FFBF2BE75FE51A6C7C69A /* Pods_GitFetcherTests.framework */ = {isa = PBXFileReference; explicitFileType = wrapper.framework; includeInIndex = 0; path = Pods_GitFetcherTests.framework; sourceTree = BUILT_PRODUCTS_DIR; };
		A3B9E43B6D7216E3E147A8D7 /* Pods-GitFetcherUITests.release.xcconfig */ = {isa = PBXFileReference; includeInIndex = 1; lastKnownFileType = text.xcconfig; name = "Pods-GitFetcherUITests.release.xcconfig"; path = "Pods/Target Support Files/Pods-GitFetcherUITests/Pods-GitFetcherUITests.release.xcconfig"; sourceTree = "<group>"; };
		B57C94B41CC00D6BE6DA2555 /* Pods-GitFetcher.release.xcconfig */ = {isa = PBXFileReference; includeInIndex = 1; lastKnownFileType = text.xcconfig; name = "Pods-GitFetcher.release.xcconfig"; path = "Pods/Target Support Files/Pods-GitFetcher/Pods-GitFetcher.release.xcconfig"; sourceTree = "<group>"; };
		C79A425E961D08A8D15D1BF5 /* Pods-GitFetcherTests.debug.xcconfig */ = {isa = PBXFileReference; includeInIndex = 1; lastKnownFileType = text.xcconfig; name = "Pods-GitFetcherTests.debug.xcconfig"; path = "Pods/Target Support Files/Pods-GitFetcherTests/Pods-GitFetcherTests.debug.xcconfig"; sourceTree = "<group>"; };
		D4ED1B5C216D257F00ECCBFD /* ApiHelper.swift */ = {isa = PBXFileReference; lastKnownFileType = sourcecode.swift; path = ApiHelper.swift; sourceTree = "<group>"; };
		D4ED1B5E216D2A4600ECCBFD /* ApiHelperTests.swift */ = {isa = PBXFileReference; lastKnownFileType = sourcecode.swift; path = ApiHelperTests.swift; sourceTree = "<group>"; };
		D4ED1B60216D326A00ECCBFD /* RepositoriesViewModel.swift */ = {isa = PBXFileReference; lastKnownFileType = sourcecode.swift; path = RepositoriesViewModel.swift; sourceTree = "<group>"; };
		D4ED1B62216D340D00ECCBFD /* RepositoriesUpdateListener.swift */ = {isa = PBXFileReference; lastKnownFileType = sourcecode.swift; path = RepositoriesUpdateListener.swift; sourceTree = "<group>"; };
		D4ED1B64216D3E3E00ECCBFD /* Owner.swift */ = {isa = PBXFileReference; lastKnownFileType = sourcecode.swift; path = Owner.swift; sourceTree = "<group>"; };
		D4ED1B66216E986100ECCBFD /* StarredRepositoriesCache.swift */ = {isa = PBXFileReference; lastKnownFileType = sourcecode.swift; path = StarredRepositoriesCache.swift; sourceTree = "<group>"; };
		D81CCDFA2152506B003A4315 /* ApiService.swift */ = {isa = PBXFileReference; lastKnownFileType = sourcecode.swift; path = ApiService.swift; sourceTree = "<group>"; };
		D81CCDFC2152605E003A4315 /* Repository.swift */ = {isa = PBXFileReference; lastKnownFileType = sourcecode.swift; path = Repository.swift; sourceTree = "<group>"; };
		D831FFBE216B9A73000DB1CD /* DetailViewController.storyboard */ = {isa = PBXFileReference; lastKnownFileType = file.storyboard; path = DetailViewController.storyboard; sourceTree = "<group>"; };
		D831FFC0216B9A86000DB1CD /* DetailViewController.swift */ = {isa = PBXFileReference; lastKnownFileType = sourcecode.swift; path = DetailViewController.swift; sourceTree = "<group>"; };
		D8C3075A2152299F002FFE14 /* GitFetcher.app */ = {isa = PBXFileReference; explicitFileType = wrapper.application; includeInIndex = 0; path = GitFetcher.app; sourceTree = BUILT_PRODUCTS_DIR; };
		D8C3075D2152299F002FFE14 /* AppDelegate.swift */ = {isa = PBXFileReference; lastKnownFileType = sourcecode.swift; path = AppDelegate.swift; sourceTree = "<group>"; };
		D8C3075F2152299F002FFE14 /* MainViewController.swift */ = {isa = PBXFileReference; lastKnownFileType = sourcecode.swift; path = MainViewController.swift; sourceTree = "<group>"; };
		D8C307622152299F002FFE14 /* Base */ = {isa = PBXFileReference; lastKnownFileType = file.storyboard; name = Base; path = Base.lproj/Main.storyboard; sourceTree = "<group>"; };
		D8C30764215229A1002FFE14 /* Assets.xcassets */ = {isa = PBXFileReference; lastKnownFileType = folder.assetcatalog; path = Assets.xcassets; sourceTree = "<group>"; };
		D8C30767215229A1002FFE14 /* Base */ = {isa = PBXFileReference; lastKnownFileType = file.storyboard; name = Base; path = Base.lproj/LaunchScreen.storyboard; sourceTree = "<group>"; };
		D8C30769215229A1002FFE14 /* Info.plist */ = {isa = PBXFileReference; lastKnownFileType = text.plist.xml; path = Info.plist; sourceTree = "<group>"; };
		D8C3076E215229A1002FFE14 /* GitFetcherTests.xctest */ = {isa = PBXFileReference; explicitFileType = wrapper.cfbundle; includeInIndex = 0; path = GitFetcherTests.xctest; sourceTree = BUILT_PRODUCTS_DIR; };
		D8C30772215229A1002FFE14 /* ApiServiceTests.swift */ = {isa = PBXFileReference; lastKnownFileType = sourcecode.swift; path = ApiServiceTests.swift; sourceTree = "<group>"; };
		D8C30774215229A1002FFE14 /* Info.plist */ = {isa = PBXFileReference; lastKnownFileType = text.plist.xml; path = Info.plist; sourceTree = "<group>"; };
		D8C30779215229A1002FFE14 /* GitFetcherUITests.xctest */ = {isa = PBXFileReference; explicitFileType = wrapper.cfbundle; includeInIndex = 0; path = GitFetcherUITests.xctest; sourceTree = BUILT_PRODUCTS_DIR; };
		D8C3077D215229A1002FFE14 /* GitFetcherUITests.swift */ = {isa = PBXFileReference; lastKnownFileType = sourcecode.swift; path = GitFetcherUITests.swift; sourceTree = "<group>"; };
		D8C3077F215229A1002FFE14 /* Info.plist */ = {isa = PBXFileReference; lastKnownFileType = text.plist.xml; path = Info.plist; sourceTree = "<group>"; };
		D8DA40AF21528B3E00763D69 /* repos.json */ = {isa = PBXFileReference; fileEncoding = 4; lastKnownFileType = text.json; path = repos.json; sourceTree = "<group>"; };
		D8DA40B1215294E300763D69 /* empty.json */ = {isa = PBXFileReference; fileEncoding = 4; lastKnownFileType = text.json; path = empty.json; sourceTree = "<group>"; };
		D8DA40B32152A55500763D69 /* SearchResultTableViewCell.xib */ = {isa = PBXFileReference; lastKnownFileType = file.xib; path = SearchResultTableViewCell.xib; sourceTree = "<group>"; };
		D8DA40B52152A72900763D69 /* SearchResultTableViewCell.swift */ = {isa = PBXFileReference; lastKnownFileType = sourcecode.swift; path = SearchResultTableViewCell.swift; sourceTree = "<group>"; };
		D8DA40B72152C74500763D69 /* MainViewController+UISearchBarDelegate.swift */ = {isa = PBXFileReference; lastKnownFileType = sourcecode.swift; path = "MainViewController+UISearchBarDelegate.swift"; sourceTree = "<group>"; };
		D8DA40B92152C78000763D69 /* MainViewController+UITableViewDataSource.swift */ = {isa = PBXFileReference; lastKnownFileType = sourcecode.swift; path = "MainViewController+UITableViewDataSource.swift"; sourceTree = "<group>"; };
		DDC2831A7E4236DA3F4DED97 /* Pods-GitFetcherTests.release.xcconfig */ = {isa = PBXFileReference; includeInIndex = 1; lastKnownFileType = text.xcconfig; name = "Pods-GitFetcherTests.release.xcconfig"; path = "Pods/Target Support Files/Pods-GitFetcherTests/Pods-GitFetcherTests.release.xcconfig"; sourceTree = "<group>"; };
/* End PBXFileReference section */

/* Begin PBXFrameworksBuildPhase section */
		D8C307572152299F002FFE14 /* Frameworks */ = {
			isa = PBXFrameworksBuildPhase;
			buildActionMask = 2147483647;
			files = (
				A98C7FD83589A35924096CB6 /* Pods_GitFetcher.framework in Frameworks */,
			);
			runOnlyForDeploymentPostprocessing = 0;
		};
		D8C3076B215229A1002FFE14 /* Frameworks */ = {
			isa = PBXFrameworksBuildPhase;
			buildActionMask = 2147483647;
			files = (
				1EC1E1D6DA7688D6083AD491 /* Pods_GitFetcherTests.framework in Frameworks */,
			);
			runOnlyForDeploymentPostprocessing = 0;
		};
		D8C30776215229A1002FFE14 /* Frameworks */ = {
			isa = PBXFrameworksBuildPhase;
			buildActionMask = 2147483647;
			files = (
				0CE68E1DB0568106F915852D /* Pods_GitFetcherUITests.framework in Frameworks */,
			);
			runOnlyForDeploymentPostprocessing = 0;
		};
/* End PBXFrameworksBuildPhase section */

/* Begin PBXGroup section */
		336A60183A3D250419901604 /* Pods */ = {
			isa = PBXGroup;
			children = (
				8BFA2A9B1F752ACD3C454FE8 /* Pods-GitFetcher.debug.xcconfig */,
				B57C94B41CC00D6BE6DA2555 /* Pods-GitFetcher.release.xcconfig */,
				C79A425E961D08A8D15D1BF5 /* Pods-GitFetcherTests.debug.xcconfig */,
				DDC2831A7E4236DA3F4DED97 /* Pods-GitFetcherTests.release.xcconfig */,
				3E318FD3C2C63CF54E91A05D /* Pods-GitFetcherUITests.debug.xcconfig */,
				A3B9E43B6D7216E3E147A8D7 /* Pods-GitFetcherUITests.release.xcconfig */,
			);
			name = Pods;
			sourceTree = "<group>";
		};
		D831FFC2216B9A8E000DB1CD /* DetailView */ = {
			isa = PBXGroup;
			children = (
				D831FFBE216B9A73000DB1CD /* DetailViewController.storyboard */,
				D831FFC0216B9A86000DB1CD /* DetailViewController.swift */,
			);
			path = DetailView;
			sourceTree = "<group>";
		};
		D8C307512152299F002FFE14 = {
			isa = PBXGroup;
			children = (
				D8C3075C2152299F002FFE14 /* GitFetcher */,
				D8C30771215229A1002FFE14 /* GitFetcherTests */,
				D8C3077C215229A1002FFE14 /* GitFetcherUITests */,
				D8C3075B2152299F002FFE14 /* Products */,
				336A60183A3D250419901604 /* Pods */,
				E46CF5FECB4795B682BC4C12 /* Frameworks */,
			);
			sourceTree = "<group>";
		};
		D8C3075B2152299F002FFE14 /* Products */ = {
			isa = PBXGroup;
			children = (
				D8C3075A2152299F002FFE14 /* GitFetcher.app */,
				D8C3076E215229A1002FFE14 /* GitFetcherTests.xctest */,
				D8C30779215229A1002FFE14 /* GitFetcherUITests.xctest */,
			);
			name = Products;
			sourceTree = "<group>";
		};
		D8C3075C2152299F002FFE14 /* GitFetcher */ = {
			isa = PBXGroup;
			children = (
				D8DA40BE2152C83E00763D69 /* DataModels */,
				D8DA40BC2152C7FC00763D69 /* Services */,
				D8DA40BF2152C85600763D69 /* TableView */,
				D8C3075F2152299F002FFE14 /* MainViewController.swift */,
				D8C3075D2152299F002FFE14 /* AppDelegate.swift */,
				D8DA40B72152C74500763D69 /* MainViewController+UISearchBarDelegate.swift */,
				D8C307612152299F002FFE14 /* Main.storyboard */,
				D8C30764215229A1002FFE14 /* Assets.xcassets */,
				D8C30766215229A1002FFE14 /* LaunchScreen.storyboard */,
				D8C30769215229A1002FFE14 /* Info.plist */,
				D831FFC2216B9A8E000DB1CD /* DetailView */,
				D4ED1B66216E986100ECCBFD /* StarredRepositoriesCache.swift */,
			);
			path = GitFetcher;
			sourceTree = "<group>";
		};
		D8C30771215229A1002FFE14 /* GitFetcherTests */ = {
			isa = PBXGroup;
			children = (
				D8DA40B1215294E300763D69 /* empty.json */,
				D8DA40AF21528B3E00763D69 /* repos.json */,
				D4ED1B5E216D2A4600ECCBFD /* ApiHelperTests.swift */,
				D8C30772215229A1002FFE14 /* ApiServiceTests.swift */,
				D8C30774215229A1002FFE14 /* Info.plist */,
			);
			path = GitFetcherTests;
			sourceTree = "<group>";
		};
		D8C3077C215229A1002FFE14 /* GitFetcherUITests */ = {
			isa = PBXGroup;
			children = (
				D8C3077D215229A1002FFE14 /* GitFetcherUITests.swift */,
				D8C3077F215229A1002FFE14 /* Info.plist */,
			);
			path = GitFetcherUITests;
			sourceTree = "<group>";
		};
		D8DA40BC2152C7FC00763D69 /* Services */ = {
			isa = PBXGroup;
			children = (
				D81CCDFA2152506B003A4315 /* ApiService.swift */,
				D4ED1B5C216D257F00ECCBFD /* ApiHelper.swift */,
			);
			path = Services;
			sourceTree = "<group>";
		};
		D8DA40BE2152C83E00763D69 /* DataModels */ = {
			isa = PBXGroup;
			children = (
				D81CCDFC2152605E003A4315 /* Repository.swift */,
				D4ED1B60216D326A00ECCBFD /* RepositoriesViewModel.swift */,
				D4ED1B64216D3E3E00ECCBFD /* Owner.swift */,
				D4ED1B62216D340D00ECCBFD /* RepositoriesUpdateListener.swift */,
			);
			path = DataModels;
			sourceTree = "<group>";
		};
		D8DA40BF2152C85600763D69 /* TableView */ = {
			isa = PBXGroup;
			children = (
				D8DA40B32152A55500763D69 /* SearchResultTableViewCell.xib */,
				D8DA40B52152A72900763D69 /* SearchResultTableViewCell.swift */,
				D8DA40B92152C78000763D69 /* MainViewController+UITableViewDataSource.swift */,
			);
			path = TableView;
			sourceTree = "<group>";
		};
		E46CF5FECB4795B682BC4C12 /* Frameworks */ = {
			isa = PBXGroup;
			children = (
				48DD39F8276DC9485FF65928 /* Pods_GitFetcher.framework */,
				932FFBF2BE75FE51A6C7C69A /* Pods_GitFetcherTests.framework */,
				39D6734932F830EAF50A5E71 /* Pods_GitFetcherUITests.framework */,
			);
			name = Frameworks;
			sourceTree = "<group>";
		};
/* End PBXGroup section */

/* Begin PBXNativeTarget section */
		D8C307592152299F002FFE14 /* GitFetcher */ = {
			isa = PBXNativeTarget;
			buildConfigurationList = D8C30782215229A1002FFE14 /* Build configuration list for PBXNativeTarget "GitFetcher" */;
			buildPhases = (
				5FC5F440A20CCAAD4875E6B4 /* [CP] Check Pods Manifest.lock */,
				D8C307562152299F002FFE14 /* Sources */,
				D8C307572152299F002FFE14 /* Frameworks */,
				D8C307582152299F002FFE14 /* Resources */,
				52AE24B789C701B498D7E470 /* [CP] Embed Pods Frameworks */,
			);
			buildRules = (
			);
			dependencies = (
			);
			name = GitFetcher;
			productName = GitFetcher;
			productReference = D8C3075A2152299F002FFE14 /* GitFetcher.app */;
			productType = "com.apple.product-type.application";
		};
		D8C3076D215229A1002FFE14 /* GitFetcherTests */ = {
			isa = PBXNativeTarget;
			buildConfigurationList = D8C30785215229A1002FFE14 /* Build configuration list for PBXNativeTarget "GitFetcherTests" */;
			buildPhases = (
				666DF2C10B8153A85B3AF5C6 /* [CP] Check Pods Manifest.lock */,
				D8C3076A215229A1002FFE14 /* Sources */,
				D8C3076B215229A1002FFE14 /* Frameworks */,
				D8C3076C215229A1002FFE14 /* Resources */,
			);
			buildRules = (
			);
			dependencies = (
				D8C30770215229A1002FFE14 /* PBXTargetDependency */,
			);
			name = GitFetcherTests;
			productName = GitFetcherTests;
			productReference = D8C3076E215229A1002FFE14 /* GitFetcherTests.xctest */;
			productType = "com.apple.product-type.bundle.unit-test";
		};
		D8C30778215229A1002FFE14 /* GitFetcherUITests */ = {
			isa = PBXNativeTarget;
			buildConfigurationList = D8C30788215229A1002FFE14 /* Build configuration list for PBXNativeTarget "GitFetcherUITests" */;
			buildPhases = (
				88E009E2120E5361C82D128C /* [CP] Check Pods Manifest.lock */,
				D8C30775215229A1002FFE14 /* Sources */,
				D8C30776215229A1002FFE14 /* Frameworks */,
				D8C30777215229A1002FFE14 /* Resources */,
			);
			buildRules = (
			);
			dependencies = (
				D8C3077B215229A1002FFE14 /* PBXTargetDependency */,
			);
			name = GitFetcherUITests;
			productName = GitFetcherUITests;
			productReference = D8C30779215229A1002FFE14 /* GitFetcherUITests.xctest */;
			productType = "com.apple.product-type.bundle.ui-testing";
		};
/* End PBXNativeTarget section */

/* Begin PBXProject section */
		D8C307522152299F002FFE14 /* Project object */ = {
			isa = PBXProject;
			attributes = {
				LastSwiftUpdateCheck = 1000;
				LastUpgradeCheck = 1000;
				ORGANIZATIONNAME = "Tatiana Bernatskaya";
				TargetAttributes = {
					D8C307592152299F002FFE14 = {
						CreatedOnToolsVersion = 10.0;
					};
					D8C3076D215229A1002FFE14 = {
						CreatedOnToolsVersion = 10.0;
						TestTargetID = D8C307592152299F002FFE14;
					};
					D8C30778215229A1002FFE14 = {
						CreatedOnToolsVersion = 10.0;
						TestTargetID = D8C307592152299F002FFE14;
					};
				};
			};
			buildConfigurationList = D8C307552152299F002FFE14 /* Build configuration list for PBXProject "GitFetcher" */;
			compatibilityVersion = "Xcode 9.3";
			developmentRegion = en;
			hasScannedForEncodings = 0;
			knownRegions = (
				en,
				Base,
			);
			mainGroup = D8C307512152299F002FFE14;
			productRefGroup = D8C3075B2152299F002FFE14 /* Products */;
			projectDirPath = "";
			projectRoot = "";
			targets = (
				D8C307592152299F002FFE14 /* GitFetcher */,
				D8C3076D215229A1002FFE14 /* GitFetcherTests */,
				D8C30778215229A1002FFE14 /* GitFetcherUITests */,
			);
		};
/* End PBXProject section */

/* Begin PBXResourcesBuildPhase section */
		D8C307582152299F002FFE14 /* Resources */ = {
			isa = PBXResourcesBuildPhase;
			buildActionMask = 2147483647;
			files = (
				D8C30768215229A1002FFE14 /* LaunchScreen.storyboard in Resources */,
				D8C30765215229A1002FFE14 /* Assets.xcassets in Resources */,
				D8DA40B42152A55500763D69 /* SearchResultTableViewCell.xib in Resources */,
				D831FFBF216B9A73000DB1CD /* DetailViewController.storyboard in Resources */,
				D8C307632152299F002FFE14 /* Main.storyboard in Resources */,
			);
			runOnlyForDeploymentPostprocessing = 0;
		};
		D8C3076C215229A1002FFE14 /* Resources */ = {
			isa = PBXResourcesBuildPhase;
			buildActionMask = 2147483647;
			files = (
				D8DA40B021528B3F00763D69 /* repos.json in Resources */,
				D8DA40B2215294E300763D69 /* empty.json in Resources */,
			);
			runOnlyForDeploymentPostprocessing = 0;
		};
		D8C30777215229A1002FFE14 /* Resources */ = {
			isa = PBXResourcesBuildPhase;
			buildActionMask = 2147483647;
			files = (
			);
			runOnlyForDeploymentPostprocessing = 0;
		};
/* End PBXResourcesBuildPhase section */

/* Begin PBXShellScriptBuildPhase section */
		52AE24B789C701B498D7E470 /* [CP] Embed Pods Frameworks */ = {
			isa = PBXShellScriptBuildPhase;
			buildActionMask = 2147483647;
			files = (
			);
			inputPaths = (
				"${SRCROOT}/Pods/Target Support Files/Pods-GitFetcher/Pods-GitFetcher-frameworks.sh",
				"${BUILT_PRODUCTS_DIR}/Alamofire/Alamofire.framework",
				"${BUILT_PRODUCTS_DIR}/OHHTTPStubs/OHHTTPStubs.framework",
			);
			name = "[CP] Embed Pods Frameworks";
			outputPaths = (
				"${TARGET_BUILD_DIR}/${FRAMEWORKS_FOLDER_PATH}/Alamofire.framework",
				"${TARGET_BUILD_DIR}/${FRAMEWORKS_FOLDER_PATH}/OHHTTPStubs.framework",
			);
			runOnlyForDeploymentPostprocessing = 0;
			shellPath = /bin/sh;
			shellScript = "\"${SRCROOT}/Pods/Target Support Files/Pods-GitFetcher/Pods-GitFetcher-frameworks.sh\"\n";
			showEnvVarsInLog = 0;
		};
		5FC5F440A20CCAAD4875E6B4 /* [CP] Check Pods Manifest.lock */ = {
			isa = PBXShellScriptBuildPhase;
			buildActionMask = 2147483647;
			files = (
			);
			inputPaths = (
				"${PODS_PODFILE_DIR_PATH}/Podfile.lock",
				"${PODS_ROOT}/Manifest.lock",
			);
			name = "[CP] Check Pods Manifest.lock";
			outputPaths = (
				"$(DERIVED_FILE_DIR)/Pods-GitFetcher-checkManifestLockResult.txt",
			);
			runOnlyForDeploymentPostprocessing = 0;
			shellPath = /bin/sh;
			shellScript = "diff \"${PODS_PODFILE_DIR_PATH}/Podfile.lock\" \"${PODS_ROOT}/Manifest.lock\" > /dev/null\nif [ $? != 0 ] ; then\n    # print error to STDERR\n    echo \"error: The sandbox is not in sync with the Podfile.lock. Run 'pod install' or update your CocoaPods installation.\" >&2\n    exit 1\nfi\n# This output is used by Xcode 'outputs' to avoid re-running this script phase.\necho \"SUCCESS\" > \"${SCRIPT_OUTPUT_FILE_0}\"\n";
			showEnvVarsInLog = 0;
		};
		666DF2C10B8153A85B3AF5C6 /* [CP] Check Pods Manifest.lock */ = {
			isa = PBXShellScriptBuildPhase;
			buildActionMask = 2147483647;
			files = (
			);
			inputPaths = (
				"${PODS_PODFILE_DIR_PATH}/Podfile.lock",
				"${PODS_ROOT}/Manifest.lock",
			);
			name = "[CP] Check Pods Manifest.lock";
			outputPaths = (
				"$(DERIVED_FILE_DIR)/Pods-GitFetcherTests-checkManifestLockResult.txt",
			);
			runOnlyForDeploymentPostprocessing = 0;
			shellPath = /bin/sh;
			shellScript = "diff \"${PODS_PODFILE_DIR_PATH}/Podfile.lock\" \"${PODS_ROOT}/Manifest.lock\" > /dev/null\nif [ $? != 0 ] ; then\n    # print error to STDERR\n    echo \"error: The sandbox is not in sync with the Podfile.lock. Run 'pod install' or update your CocoaPods installation.\" >&2\n    exit 1\nfi\n# This output is used by Xcode 'outputs' to avoid re-running this script phase.\necho \"SUCCESS\" > \"${SCRIPT_OUTPUT_FILE_0}\"\n";
			showEnvVarsInLog = 0;
		};
		88E009E2120E5361C82D128C /* [CP] Check Pods Manifest.lock */ = {
			isa = PBXShellScriptBuildPhase;
			buildActionMask = 2147483647;
			files = (
			);
			inputPaths = (
				"${PODS_PODFILE_DIR_PATH}/Podfile.lock",
				"${PODS_ROOT}/Manifest.lock",
			);
			name = "[CP] Check Pods Manifest.lock";
			outputPaths = (
				"$(DERIVED_FILE_DIR)/Pods-GitFetcherUITests-checkManifestLockResult.txt",
			);
			runOnlyForDeploymentPostprocessing = 0;
			shellPath = /bin/sh;
			shellScript = "diff \"${PODS_PODFILE_DIR_PATH}/Podfile.lock\" \"${PODS_ROOT}/Manifest.lock\" > /dev/null\nif [ $? != 0 ] ; then\n    # print error to STDERR\n    echo \"error: The sandbox is not in sync with the Podfile.lock. Run 'pod install' or update your CocoaPods installation.\" >&2\n    exit 1\nfi\n# This output is used by Xcode 'outputs' to avoid re-running this script phase.\necho \"SUCCESS\" > \"${SCRIPT_OUTPUT_FILE_0}\"\n";
			showEnvVarsInLog = 0;
		};
/* End PBXShellScriptBuildPhase section */

/* Begin PBXSourcesBuildPhase section */
		D8C307562152299F002FFE14 /* Sources */ = {
			isa = PBXSourcesBuildPhase;
			buildActionMask = 2147483647;
			files = (
				D8C307602152299F002FFE14 /* MainViewController.swift in Sources */,
				D4ED1B65216D3E3E00ECCBFD /* Owner.swift in Sources */,
				D8DA40B62152A72900763D69 /* SearchResultTableViewCell.swift in Sources */,
				D4ED1B61216D326A00ECCBFD /* RepositoriesViewModel.swift in Sources */,
				D81CCDFD2152605E003A4315 /* Repository.swift in Sources */,
				D4ED1B5D216D257F00ECCBFD /* ApiHelper.swift in Sources */,
				D4ED1B67216E986100ECCBFD /* StarredRepositoriesCache.swift in Sources */,
				D8DA40BA2152C78000763D69 /* MainViewController+UITableViewDataSource.swift in Sources */,
				D4ED1B63216D340D00ECCBFD /* RepositoriesUpdateListener.swift in Sources */,
				D81CCDFB2152506B003A4315 /* ApiService.swift in Sources */,
				D8DA40B82152C74500763D69 /* MainViewController+UISearchBarDelegate.swift in Sources */,
				D8C3075E2152299F002FFE14 /* AppDelegate.swift in Sources */,
				D831FFC1216B9A86000DB1CD /* DetailViewController.swift in Sources */,
			);
			runOnlyForDeploymentPostprocessing = 0;
		};
		D8C3076A215229A1002FFE14 /* Sources */ = {
			isa = PBXSourcesBuildPhase;
			buildActionMask = 2147483647;
			files = (
				D4ED1B5F216D2A4600ECCBFD /* ApiHelperTests.swift in Sources */,
				D8C30773215229A1002FFE14 /* ApiServiceTests.swift in Sources */,
			);
			runOnlyForDeploymentPostprocessing = 0;
		};
		D8C30775215229A1002FFE14 /* Sources */ = {
			isa = PBXSourcesBuildPhase;
			buildActionMask = 2147483647;
			files = (
				D8C3077E215229A1002FFE14 /* GitFetcherUITests.swift in Sources */,
			);
			runOnlyForDeploymentPostprocessing = 0;
		};
/* End PBXSourcesBuildPhase section */

/* Begin PBXTargetDependency section */
		D8C30770215229A1002FFE14 /* PBXTargetDependency */ = {
			isa = PBXTargetDependency;
			target = D8C307592152299F002FFE14 /* GitFetcher */;
			targetProxy = D8C3076F215229A1002FFE14 /* PBXContainerItemProxy */;
		};
		D8C3077B215229A1002FFE14 /* PBXTargetDependency */ = {
			isa = PBXTargetDependency;
			target = D8C307592152299F002FFE14 /* GitFetcher */;
			targetProxy = D8C3077A215229A1002FFE14 /* PBXContainerItemProxy */;
		};
/* End PBXTargetDependency section */

/* Begin PBXVariantGroup section */
		D8C307612152299F002FFE14 /* Main.storyboard */ = {
			isa = PBXVariantGroup;
			children = (
				D8C307622152299F002FFE14 /* Base */,
			);
			name = Main.storyboard;
			sourceTree = "<group>";
		};
		D8C30766215229A1002FFE14 /* LaunchScreen.storyboard */ = {
			isa = PBXVariantGroup;
			children = (
				D8C30767215229A1002FFE14 /* Base */,
			);
			name = LaunchScreen.storyboard;
			sourceTree = "<group>";
		};
/* End PBXVariantGroup section */

/* Begin XCBuildConfiguration section */
		D8C30780215229A1002FFE14 /* Debug */ = {
			isa = XCBuildConfiguration;
			buildSettings = {
				ALWAYS_SEARCH_USER_PATHS = NO;
				CLANG_ANALYZER_NONNULL = YES;
				CLANG_ANALYZER_NUMBER_OBJECT_CONVERSION = YES_AGGRESSIVE;
				CLANG_CXX_LANGUAGE_STANDARD = "gnu++14";
				CLANG_CXX_LIBRARY = "libc++";
				CLANG_ENABLE_MODULES = YES;
				CLANG_ENABLE_OBJC_ARC = YES;
				CLANG_ENABLE_OBJC_WEAK = YES;
				CLANG_WARN_BLOCK_CAPTURE_AUTORELEASING = YES;
				CLANG_WARN_BOOL_CONVERSION = YES;
				CLANG_WARN_COMMA = YES;
				CLANG_WARN_CONSTANT_CONVERSION = YES;
				CLANG_WARN_DEPRECATED_OBJC_IMPLEMENTATIONS = YES;
				CLANG_WARN_DIRECT_OBJC_ISA_USAGE = YES_ERROR;
				CLANG_WARN_DOCUMENTATION_COMMENTS = YES;
				CLANG_WARN_EMPTY_BODY = YES;
				CLANG_WARN_ENUM_CONVERSION = YES;
				CLANG_WARN_INFINITE_RECURSION = YES;
				CLANG_WARN_INT_CONVERSION = YES;
				CLANG_WARN_NON_LITERAL_NULL_CONVERSION = YES;
				CLANG_WARN_OBJC_IMPLICIT_RETAIN_SELF = YES;
				CLANG_WARN_OBJC_LITERAL_CONVERSION = YES;
				CLANG_WARN_OBJC_ROOT_CLASS = YES_ERROR;
				CLANG_WARN_RANGE_LOOP_ANALYSIS = YES;
				CLANG_WARN_STRICT_PROTOTYPES = YES;
				CLANG_WARN_SUSPICIOUS_MOVE = YES;
				CLANG_WARN_UNGUARDED_AVAILABILITY = YES_AGGRESSIVE;
				CLANG_WARN_UNREACHABLE_CODE = YES;
				CLANG_WARN__DUPLICATE_METHOD_MATCH = YES;
				CODE_SIGN_IDENTITY = "iPhone Developer";
				COPY_PHASE_STRIP = NO;
				DEBUG_INFORMATION_FORMAT = dwarf;
				ENABLE_STRICT_OBJC_MSGSEND = YES;
				ENABLE_TESTABILITY = YES;
				GCC_C_LANGUAGE_STANDARD = gnu11;
				GCC_DYNAMIC_NO_PIC = NO;
				GCC_NO_COMMON_BLOCKS = YES;
				GCC_OPTIMIZATION_LEVEL = 0;
				GCC_PREPROCESSOR_DEFINITIONS = (
					"DEBUG=1",
					"$(inherited)",
				);
				GCC_WARN_64_TO_32_BIT_CONVERSION = YES;
				GCC_WARN_ABOUT_RETURN_TYPE = YES_ERROR;
				GCC_WARN_UNDECLARED_SELECTOR = YES;
				GCC_WARN_UNINITIALIZED_AUTOS = YES_AGGRESSIVE;
				GCC_WARN_UNUSED_FUNCTION = YES;
				GCC_WARN_UNUSED_VARIABLE = YES;
				IPHONEOS_DEPLOYMENT_TARGET = 10.0;
				MTL_ENABLE_DEBUG_INFO = INCLUDE_SOURCE;
				MTL_FAST_MATH = YES;
				ONLY_ACTIVE_ARCH = YES;
				SDKROOT = iphoneos;
				SWIFT_ACTIVE_COMPILATION_CONDITIONS = DEBUG;
				SWIFT_OPTIMIZATION_LEVEL = "-Onone";
			};
			name = Debug;
		};
		D8C30781215229A1002FFE14 /* Release */ = {
			isa = XCBuildConfiguration;
			buildSettings = {
				ALWAYS_SEARCH_USER_PATHS = NO;
				CLANG_ANALYZER_NONNULL = YES;
				CLANG_ANALYZER_NUMBER_OBJECT_CONVERSION = YES_AGGRESSIVE;
				CLANG_CXX_LANGUAGE_STANDARD = "gnu++14";
				CLANG_CXX_LIBRARY = "libc++";
				CLANG_ENABLE_MODULES = YES;
				CLANG_ENABLE_OBJC_ARC = YES;
				CLANG_ENABLE_OBJC_WEAK = YES;
				CLANG_WARN_BLOCK_CAPTURE_AUTORELEASING = YES;
				CLANG_WARN_BOOL_CONVERSION = YES;
				CLANG_WARN_COMMA = YES;
				CLANG_WARN_CONSTANT_CONVERSION = YES;
				CLANG_WARN_DEPRECATED_OBJC_IMPLEMENTATIONS = YES;
				CLANG_WARN_DIRECT_OBJC_ISA_USAGE = YES_ERROR;
				CLANG_WARN_DOCUMENTATION_COMMENTS = YES;
				CLANG_WARN_EMPTY_BODY = YES;
				CLANG_WARN_ENUM_CONVERSION = YES;
				CLANG_WARN_INFINITE_RECURSION = YES;
				CLANG_WARN_INT_CONVERSION = YES;
				CLANG_WARN_NON_LITERAL_NULL_CONVERSION = YES;
				CLANG_WARN_OBJC_IMPLICIT_RETAIN_SELF = YES;
				CLANG_WARN_OBJC_LITERAL_CONVERSION = YES;
				CLANG_WARN_OBJC_ROOT_CLASS = YES_ERROR;
				CLANG_WARN_RANGE_LOOP_ANALYSIS = YES;
				CLANG_WARN_STRICT_PROTOTYPES = YES;
				CLANG_WARN_SUSPICIOUS_MOVE = YES;
				CLANG_WARN_UNGUARDED_AVAILABILITY = YES_AGGRESSIVE;
				CLANG_WARN_UNREACHABLE_CODE = YES;
				CLANG_WARN__DUPLICATE_METHOD_MATCH = YES;
				CODE_SIGN_IDENTITY = "iPhone Developer";
				COPY_PHASE_STRIP = NO;
				DEBUG_INFORMATION_FORMAT = "dwarf-with-dsym";
				ENABLE_NS_ASSERTIONS = NO;
				ENABLE_STRICT_OBJC_MSGSEND = YES;
				GCC_C_LANGUAGE_STANDARD = gnu11;
				GCC_NO_COMMON_BLOCKS = YES;
				GCC_WARN_64_TO_32_BIT_CONVERSION = YES;
				GCC_WARN_ABOUT_RETURN_TYPE = YES_ERROR;
				GCC_WARN_UNDECLARED_SELECTOR = YES;
				GCC_WARN_UNINITIALIZED_AUTOS = YES_AGGRESSIVE;
				GCC_WARN_UNUSED_FUNCTION = YES;
				GCC_WARN_UNUSED_VARIABLE = YES;
				IPHONEOS_DEPLOYMENT_TARGET = 10.0;
				MTL_ENABLE_DEBUG_INFO = NO;
				MTL_FAST_MATH = YES;
				SDKROOT = iphoneos;
				SWIFT_COMPILATION_MODE = wholemodule;
				SWIFT_OPTIMIZATION_LEVEL = "-O";
				VALIDATE_PRODUCT = YES;
			};
			name = Release;
		};
		D8C30783215229A1002FFE14 /* Debug */ = {
			isa = XCBuildConfiguration;
			baseConfigurationReference = 8BFA2A9B1F752ACD3C454FE8 /* Pods-GitFetcher.debug.xcconfig */;
			buildSettings = {
				ASSETCATALOG_COMPILER_APPICON_NAME = AppIcon;
				CODE_SIGN_IDENTITY = "iPhone Developer";
				CODE_SIGN_STYLE = Automatic;
				DEVELOPMENT_TEAM = "";
				INFOPLIST_FILE = GitFetcher/Info.plist;
				LD_RUNPATH_SEARCH_PATHS = (
					"$(inherited)",
					"@executable_path/Frameworks",
				);
				PRODUCT_BUNDLE_IDENTIFIER = tasha.sample.GitFetcher;
				PRODUCT_NAME = "$(TARGET_NAME)";
				PROVISIONING_PROFILE_SPECIFIER = "";
				SWIFT_VERSION = 4.2;
				TARGETED_DEVICE_FAMILY = "1,2";
			};
			name = Debug;
		};
		D8C30784215229A1002FFE14 /* Release */ = {
			isa = XCBuildConfiguration;
			baseConfigurationReference = B57C94B41CC00D6BE6DA2555 /* Pods-GitFetcher.release.xcconfig */;
			buildSettings = {
				ASSETCATALOG_COMPILER_APPICON_NAME = AppIcon;
				CODE_SIGN_IDENTITY = "iPhone Developer";
				CODE_SIGN_STYLE = Automatic;
				DEVELOPMENT_TEAM = "";
				INFOPLIST_FILE = GitFetcher/Info.plist;
				LD_RUNPATH_SEARCH_PATHS = (
					"$(inherited)",
					"@executable_path/Frameworks",
				);
				PRODUCT_BUNDLE_IDENTIFIER = tasha.sample.GitFetcher;
				PRODUCT_NAME = "$(TARGET_NAME)";
				PROVISIONING_PROFILE_SPECIFIER = "";
				SWIFT_VERSION = 4.2;
				TARGETED_DEVICE_FAMILY = "1,2";
			};
			name = Release;
		};
		D8C30786215229A1002FFE14 /* Debug */ = {
			isa = XCBuildConfiguration;
			baseConfigurationReference = C79A425E961D08A8D15D1BF5 /* Pods-GitFetcherTests.debug.xcconfig */;
			buildSettings = {
				ALWAYS_EMBED_SWIFT_STANDARD_LIBRARIES = YES;
				BUNDLE_LOADER = "$(TEST_HOST)";
				CODE_SIGN_STYLE = Automatic;
				INFOPLIST_FILE = GitFetcherTests/Info.plist;
				LD_RUNPATH_SEARCH_PATHS = (
					"$(inherited)",
					"@executable_path/Frameworks",
					"@loader_path/Frameworks",
				);
				PRODUCT_BUNDLE_IDENTIFIER = tasha.sample.GitFetcherTests;
				PRODUCT_NAME = "$(TARGET_NAME)";
				SWIFT_VERSION = 4.2;
				TARGETED_DEVICE_FAMILY = "1,2";
				TEST_HOST = "$(BUILT_PRODUCTS_DIR)/GitFetcher.app/GitFetcher";
			};
			name = Debug;
		};
		D8C30787215229A1002FFE14 /* Release */ = {
			isa = XCBuildConfiguration;
			baseConfigurationReference = DDC2831A7E4236DA3F4DED97 /* Pods-GitFetcherTests.release.xcconfig */;
			buildSettings = {
				ALWAYS_EMBED_SWIFT_STANDARD_LIBRARIES = YES;
				BUNDLE_LOADER = "$(TEST_HOST)";
				CODE_SIGN_STYLE = Automatic;
				INFOPLIST_FILE = GitFetcherTests/Info.plist;
				LD_RUNPATH_SEARCH_PATHS = (
					"$(inherited)",
					"@executable_path/Frameworks",
					"@loader_path/Frameworks",
				);
				PRODUCT_BUNDLE_IDENTIFIER = tasha.sample.GitFetcherTests;
				PRODUCT_NAME = "$(TARGET_NAME)";
				SWIFT_VERSION = 4.2;
				TARGETED_DEVICE_FAMILY = "1,2";
				TEST_HOST = "$(BUILT_PRODUCTS_DIR)/GitFetcher.app/GitFetcher";
			};
			name = Release;
		};
		D8C30789215229A1002FFE14 /* Debug */ = {
			isa = XCBuildConfiguration;
			baseConfigurationReference = 3E318FD3C2C63CF54E91A05D /* Pods-GitFetcherUITests.debug.xcconfig */;
			buildSettings = {
				ALWAYS_EMBED_SWIFT_STANDARD_LIBRARIES = YES;
				CODE_SIGN_STYLE = Automatic;
				INFOPLIST_FILE = GitFetcherUITests/Info.plist;
				LD_RUNPATH_SEARCH_PATHS = (
					"$(inherited)",
					"@executable_path/Frameworks",
					"@loader_path/Frameworks",
				);
				PRODUCT_BUNDLE_IDENTIFIER = tasha.sample.GitFetcherUITests;
				PRODUCT_NAME = "$(TARGET_NAME)";
				SWIFT_VERSION = 4.2;
				TARGETED_DEVICE_FAMILY = "1,2";
				TEST_TARGET_NAME = GitFetcher;
			};
			name = Debug;
		};
		D8C3078A215229A1002FFE14 /* Release */ = {
			isa = XCBuildConfiguration;
			baseConfigurationReference = A3B9E43B6D7216E3E147A8D7 /* Pods-GitFetcherUITests.release.xcconfig */;
			buildSettings = {
				ALWAYS_EMBED_SWIFT_STANDARD_LIBRARIES = YES;
				CODE_SIGN_STYLE = Automatic;
				INFOPLIST_FILE = GitFetcherUITests/Info.plist;
				LD_RUNPATH_SEARCH_PATHS = (
					"$(inherited)",
					"@executable_path/Frameworks",
					"@loader_path/Frameworks",
				);
				PRODUCT_BUNDLE_IDENTIFIER = tasha.sample.GitFetcherUITests;
				PRODUCT_NAME = "$(TARGET_NAME)";
				SWIFT_VERSION = 4.2;
				TARGETED_DEVICE_FAMILY = "1,2";
				TEST_TARGET_NAME = GitFetcher;
			};
			name = Release;
		};
/* End XCBuildConfiguration section */

/* Begin XCConfigurationList section */
		D8C307552152299F002FFE14 /* Build configuration list for PBXProject "GitFetcher" */ = {
			isa = XCConfigurationList;
			buildConfigurations = (
				D8C30780215229A1002FFE14 /* Debug */,
				D8C30781215229A1002FFE14 /* Release */,
			);
			defaultConfigurationIsVisible = 0;
			defaultConfigurationName = Release;
		};
		D8C30782215229A1002FFE14 /* Build configuration list for PBXNativeTarget "GitFetcher" */ = {
			isa = XCConfigurationList;
			buildConfigurations = (
				D8C30783215229A1002FFE14 /* Debug */,
				D8C30784215229A1002FFE14 /* Release */,
			);
			defaultConfigurationIsVisible = 0;
			defaultConfigurationName = Release;
		};
		D8C30785215229A1002FFE14 /* Build configuration list for PBXNativeTarget "GitFetcherTests" */ = {
			isa = XCConfigurationList;
			buildConfigurations = (
				D8C30786215229A1002FFE14 /* Debug */,
				D8C30787215229A1002FFE14 /* Release */,
			);
			defaultConfigurationIsVisible = 0;
			defaultConfigurationName = Release;
		};
		D8C30788215229A1002FFE14 /* Build configuration list for PBXNativeTarget "GitFetcherUITests" */ = {
			isa = XCConfigurationList;
			buildConfigurations = (
				D8C30789215229A1002FFE14 /* Debug */,
				D8C3078A215229A1002FFE14 /* Release */,
			);
			defaultConfigurationIsVisible = 0;
			defaultConfigurationName = Release;
		};
/* End XCConfigurationList section */
	};
	rootObject = D8C307522152299F002FFE14 /* Project object */;
}
